
Microsoft Visual Studio Solution File, Format Version 12.00
# Visual Studio Version 16
VisualStudioVersion = 16.0.31424.327
MinimumVisualStudioVersion = 10.0.40219.1
Project("{FAE04EC0-301F-11D3-BF4B-00C04F79EFBC}") = "Demofuncgs", "Demofuncgs.csproj", "{9DE8E6C9-B92E-49E1-96DC-555D47394029}"
EndProject
Global
	GlobalSection(SolutionConfigurationPlatforms) = preSolution
		Debug|Any CPU = Debug|Any CPU
		Release|Any CPU = Release|Any CPU
	EndGlobalSection
	GlobalSection(ProjectConfigurationPlatforms) = postSolution
		{9DE8E6C9-B92E-49E1-96DC-555D47394029}.Debug|Any CPU.ActiveCfg = Debug|Any CPU
		{9DE8E6C9-B92E-49E1-96DC-555D47394029}.Debug|Any CPU.Build.0 = Debug|Any CPU
		{9DE8E6C9-B92E-49E1-96DC-555D47394029}.Release|Any CPU.ActiveCfg = Release|Any CPU
		{9DE8E6C9-B92E-49E1-96DC-555D47394029}.Release|Any CPU.Build.0 = Release|Any CPU
	EndGlobalSection
	GlobalSection(SolutionProperties) = preSolution
		HideSolutionNode = FALSE
	EndGlobalSection
	GlobalSection(ExtensibilityGlobals) = postSolution
		SolutionGuid = {EA84988A-730C-4BC6-94EA-BAE6308EB941}
	EndGlobalSection
EndGlobal
